
Microsoft Visual Studio Solution File, Format Version 12.00
# Visual Studio Version 17
VisualStudioVersion = 17.0.31903.59
MinimumVisualStudioVersion = 10.0.40219.1
Project("{FAE04EC0-301F-11D3-BF4B-00C04F79EFBC}") = "API", "API\API.csproj", "{DE5A5829-4951-46CD-A56D-A04D2716E3AB}"
EndProject
Project("{FAE04EC0-301F-11D3-BF4B-00C04F79EFBC}") = "Core", "Core\Core.csproj", "{BBBD28BF-4507-4384-BD8E-98129EA476F3}"
EndProject
Project("{FAE04EC0-301F-11D3-BF4B-00C04F79EFBC}") = "Infrastructure", "Infrastructure\Infrastructure.csproj", "{AA0BB276-9AFC-4BF4-911B-9F0D847BD74E}"
EndProject
Global
	GlobalSection(SolutionConfigurationPlatforms) = preSolution
		Debug|Any CPU = Debug|Any CPU
		Release|Any CPU = Release|Any CPU
	EndGlobalSection
	GlobalSection(SolutionProperties) = preSolution
		HideSolutionNode = FALSE
	EndGlobalSection
	GlobalSection(ProjectConfigurationPlatforms) = postSolution
		{DE5A5829-4951-46CD-A56D-A04D2716E3AB}.Debug|Any CPU.ActiveCfg = Debug|Any CPU
		{DE5A5829-4951-46CD-A56D-A04D2716E3AB}.Debug|Any CPU.Build.0 = Debug|Any CPU
		{DE5A5829-4951-46CD-A56D-A04D2716E3AB}.Release|Any CPU.ActiveCfg = Release|Any CPU
		{DE5A5829-4951-46CD-A56D-A04D2716E3AB}.Release|Any CPU.Build.0 = Release|Any CPU
		{BBBD28BF-4507-4384-BD8E-98129EA476F3}.Debug|Any CPU.ActiveCfg = Debug|Any CPU
		{BBBD28BF-4507-4384-BD8E-98129EA476F3}.Debug|Any CPU.Build.0 = Debug|Any CPU
		{BBBD28BF-4507-4384-BD8E-98129EA476F3}.Release|Any CPU.ActiveCfg = Release|Any CPU
		{BBBD28BF-4507-4384-BD8E-98129EA476F3}.Release|Any CPU.Build.0 = Release|Any CPU
		{AA0BB276-9AFC-4BF4-911B-9F0D847BD74E}.Debug|Any CPU.ActiveCfg = Debug|Any CPU
		{AA0BB276-9AFC-4BF4-911B-9F0D847BD74E}.Debug|Any CPU.Build.0 = Debug|Any CPU
		{AA0BB276-9AFC-4BF4-911B-9F0D847BD74E}.Release|Any CPU.ActiveCfg = Release|Any CPU
		{AA0BB276-9AFC-4BF4-911B-9F0D847BD74E}.Release|Any CPU.Build.0 = Release|Any CPU
	EndGlobalSection
EndGlobal
